
Microsoft Visual Studio Solution File, Format Version 12.00
# Visual Studio Version 17
VisualStudioVersion = 17.1.32414.318
MinimumVisualStudioVersion = 10.0.40219.1
Project("{2150E333-8FDC-42A3-9474-1A3956D46DE8}") = "Core", "Core", "{F9917FAD-4719-49A0-92A6-0BFFF99DB585}"
EndProject
Project("{2150E333-8FDC-42A3-9474-1A3956D46DE8}") = "Tests", "Tests", "{621A7721-9858-48B6-9A3D-FD70B082C32F}"
EndProject
Project("{FAE04EC0-301F-11D3-BF4B-00C04F79EFBC}") = "Blaster", "Blaster\Blaster.csproj", "{6C61E580-9647-49C5-8E8F-D979E7FB9E67}"
EndProject
Project("{2150E333-8FDC-42A3-9474-1A3956D46DE8}") = "Samples", "Samples", "{FC5D91E2-E48B-4AAC-BCAE-A5D735C74566}"
EndProject
Project("{FAE04EC0-301F-11D3-BF4B-00C04F79EFBC}") = "Blaster.Tests", "Blaster.Tests\Blaster.Tests.csproj", "{53DFBBB9-6C69-44F6-A348-6418A9BC3CA3}"
EndProject
Project("{FAE04EC0-301F-11D3-BF4B-00C04F79EFBC}") = "BlasterConsumer.Server", "BlasterConsumer\Server\BlasterConsumer.Server.csproj", "{7001D043-07D2-4184-BD6A-17902AFD46CA}"
EndProject
Project("{FAE04EC0-301F-11D3-BF4B-00C04F79EFBC}") = "BlasterConsumer.Client", "BlasterConsumer\Client\BlasterConsumer.Client.csproj", "{0202C4D7-BD6E-4FB6-A426-585E3D918BC2}"
EndProject
Project("{FAE04EC0-301F-11D3-BF4B-00C04F79EFBC}") = "BlasterConsumer.Shared", "BlasterConsumer\Shared\BlasterConsumer.Shared.csproj", "{4F9B75D1-F91B-41AC-9D14-6810EB51799E}"
EndProject
Global
	GlobalSection(SolutionConfigurationPlatforms) = preSolution
		Debug|Any CPU = Debug|Any CPU
		Release|Any CPU = Release|Any CPU
	EndGlobalSection
	GlobalSection(ProjectConfigurationPlatforms) = postSolution
		{6C61E580-9647-49C5-8E8F-D979E7FB9E67}.Debug|Any CPU.ActiveCfg = Debug|Any CPU
		{6C61E580-9647-49C5-8E8F-D979E7FB9E67}.Debug|Any CPU.Build.0 = Debug|Any CPU
		{6C61E580-9647-49C5-8E8F-D979E7FB9E67}.Release|Any CPU.ActiveCfg = Release|Any CPU
		{6C61E580-9647-49C5-8E8F-D979E7FB9E67}.Release|Any CPU.Build.0 = Release|Any CPU
		{53DFBBB9-6C69-44F6-A348-6418A9BC3CA3}.Debug|Any CPU.ActiveCfg = Debug|Any CPU
		{53DFBBB9-6C69-44F6-A348-6418A9BC3CA3}.Debug|Any CPU.Build.0 = Debug|Any CPU
		{53DFBBB9-6C69-44F6-A348-6418A9BC3CA3}.Release|Any CPU.ActiveCfg = Release|Any CPU
		{53DFBBB9-6C69-44F6-A348-6418A9BC3CA3}.Release|Any CPU.Build.0 = Release|Any CPU
		{7001D043-07D2-4184-BD6A-17902AFD46CA}.Debug|Any CPU.ActiveCfg = Debug|Any CPU
		{7001D043-07D2-4184-BD6A-17902AFD46CA}.Debug|Any CPU.Build.0 = Debug|Any CPU
		{7001D043-07D2-4184-BD6A-17902AFD46CA}.Release|Any CPU.ActiveCfg = Release|Any CPU
		{7001D043-07D2-4184-BD6A-17902AFD46CA}.Release|Any CPU.Build.0 = Release|Any CPU
		{0202C4D7-BD6E-4FB6-A426-585E3D918BC2}.Debug|Any CPU.ActiveCfg = Debug|Any CPU
		{0202C4D7-BD6E-4FB6-A426-585E3D918BC2}.Debug|Any CPU.Build.0 = Debug|Any CPU
		{0202C4D7-BD6E-4FB6-A426-585E3D918BC2}.Release|Any CPU.ActiveCfg = Release|Any CPU
		{0202C4D7-BD6E-4FB6-A426-585E3D918BC2}.Release|Any CPU.Build.0 = Release|Any CPU
		{4F9B75D1-F91B-41AC-9D14-6810EB51799E}.Debug|Any CPU.ActiveCfg = Debug|Any CPU
		{4F9B75D1-F91B-41AC-9D14-6810EB51799E}.Debug|Any CPU.Build.0 = Debug|Any CPU
		{4F9B75D1-F91B-41AC-9D14-6810EB51799E}.Release|Any CPU.ActiveCfg = Release|Any CPU
		{4F9B75D1-F91B-41AC-9D14-6810EB51799E}.Release|Any CPU.Build.0 = Release|Any CPU
	EndGlobalSection
	GlobalSection(SolutionProperties) = preSolution
		HideSolutionNode = FALSE
	EndGlobalSection
	GlobalSection(NestedProjects) = preSolution
		{6C61E580-9647-49C5-8E8F-D979E7FB9E67} = {F9917FAD-4719-49A0-92A6-0BFFF99DB585}
		{53DFBBB9-6C69-44F6-A348-6418A9BC3CA3} = {621A7721-9858-48B6-9A3D-FD70B082C32F}
		{7001D043-07D2-4184-BD6A-17902AFD46CA} = {FC5D91E2-E48B-4AAC-BCAE-A5D735C74566}
		{0202C4D7-BD6E-4FB6-A426-585E3D918BC2} = {FC5D91E2-E48B-4AAC-BCAE-A5D735C74566}
		{4F9B75D1-F91B-41AC-9D14-6810EB51799E} = {FC5D91E2-E48B-4AAC-BCAE-A5D735C74566}
	EndGlobalSection
	GlobalSection(ExtensibilityGlobals) = postSolution
		SolutionGuid = {604D3368-9044-4314-9E93-AE5D5E68F317}
	EndGlobalSection
EndGlobal
